
Microsoft Visual Studio Solution File, Format Version 12.00
# Visual Studio Version 17
VisualStudioVersion = 17.5.002.0
MinimumVisualStudioVersion = 10.0.40219.1
Project("{9A19103F-16F7-4668-BE54-9A1E7A4F7556}") = "notRPG - si@m", "notRPG - si@m.csproj", "{80983819-4A27-4B0B-A2F4-28E2A23FE83F}"
EndProject
Global
	GlobalSection(SolutionConfigurationPlatforms) = preSolution
		Debug|Any CPU = Debug|Any CPU
		Release|Any CPU = Release|Any CPU
	EndGlobalSection
	GlobalSection(ProjectConfigurationPlatforms) = postSolution
		{80983819-4A27-4B0B-A2F4-28E2A23FE83F}.Debug|Any CPU.ActiveCfg = Debug|Any CPU
		{80983819-4A27-4B0B-A2F4-28E2A23FE83F}.Debug|Any CPU.Build.0 = Debug|Any CPU
		{80983819-4A27-4B0B-A2F4-28E2A23FE83F}.Release|Any CPU.ActiveCfg = Release|Any CPU
		{80983819-4A27-4B0B-A2F4-28E2A23FE83F}.Release|Any CPU.Build.0 = Release|Any CPU
	EndGlobalSection
	GlobalSection(SolutionProperties) = preSolution
		HideSolutionNode = FALSE
	EndGlobalSection
	GlobalSection(ExtensibilityGlobals) = postSolution
		SolutionGuid = {BF38E9F6-B373-4C11-AC61-9E4AB8F7D0D9}
	EndGlobalSection
EndGlobal
